
Microsoft Visual Studio Solution File, Format Version 12.00
# Visual Studio 2013
VisualStudioVersion = 12.0.31101.0
MinimumVisualStudioVersion = 10.0.40219.1
Project("{FAE04EC0-301F-11D3-BF4B-00C04F79EFBC}") = "xRM Connector", "xRM Connector\xRM Connector.csproj", "{390F0D75-F994-4B6D-8ECE-8117DEF2456D}"
EndProject
Project("{2150E333-8FDC-42A3-9474-1A3956D46DE8}") = "PublishScripts", "PublishScripts", "{E80D31A8-B010-4645-862D-90E921639499}"
	ProjectSection(SolutionItems) = preProject
		PublishScripts\AzureWebsitePublishModule.psm1 = PublishScripts\AzureWebsitePublishModule.psm1
		PublishScripts\Publish-WebApplicationWebsite.ps1 = PublishScripts\Publish-WebApplicationWebsite.ps1
	EndProjectSection
EndProject
Project("{2150E333-8FDC-42A3-9474-1A3956D46DE8}") = "Configurations", "Configurations", "{F64B5240-D011-4FAE-937E-61C64D7D5FA4}"
	ProjectSection(SolutionItems) = preProject
		PublishScripts\Configurations\xRMConnector-WAWS-dev.json = PublishScripts\Configurations\xRMConnector-WAWS-dev.json
	EndProjectSection
EndProject
Project("{2150E333-8FDC-42A3-9474-1A3956D46DE8}") = ".nuget", ".nuget", "{723CBE0D-8987-4718-ADE2-7F8F219F703B}"
	ProjectSection(SolutionItems) = preProject
		.nuget\packages.config = .nuget\packages.config
	EndProjectSection
EndProject
Global
	GlobalSection(SolutionConfigurationPlatforms) = preSolution
		Debug|Any CPU = Debug|Any CPU
		Release|Any CPU = Release|Any CPU
	EndGlobalSection
	GlobalSection(ProjectConfigurationPlatforms) = postSolution
		{390F0D75-F994-4B6D-8ECE-8117DEF2456D}.Debug|Any CPU.ActiveCfg = Debug|Any CPU
		{390F0D75-F994-4B6D-8ECE-8117DEF2456D}.Debug|Any CPU.Build.0 = Debug|Any CPU
		{390F0D75-F994-4B6D-8ECE-8117DEF2456D}.Release|Any CPU.ActiveCfg = Release|Any CPU
		{390F0D75-F994-4B6D-8ECE-8117DEF2456D}.Release|Any CPU.Build.0 = Release|Any CPU
	EndGlobalSection
	GlobalSection(SolutionProperties) = preSolution
		HideSolutionNode = FALSE
	EndGlobalSection
	GlobalSection(NestedProjects) = preSolution
		{F64B5240-D011-4FAE-937E-61C64D7D5FA4} = {E80D31A8-B010-4645-862D-90E921639499}
	EndGlobalSection
EndGlobal
